
Microsoft Visual Studio Solution File, Format Version 12.00
# Visual Studio Version 17
VisualStudioVersion = 17.5.33424.131
MinimumVisualStudioVersion = 10.0.40219.1
Project("{FAE04EC0-301F-11D3-BF4B-00C04F79EFBC}") = "GuiaDidactica_06_AlexanderZelaya", "GuiaDidactica_06_AlexanderZelaya\GuiaDidactica_06_AlexanderZelaya.csproj", "{3BED06C4-E751-4E36-A356-B46F814DA126}"
EndProject
Global
	GlobalSection(SolutionConfigurationPlatforms) = preSolution
		Debug|Any CPU = Debug|Any CPU
		Release|Any CPU = Release|Any CPU
	EndGlobalSection
	GlobalSection(ProjectConfigurationPlatforms) = postSolution
		{3BED06C4-E751-4E36-A356-B46F814DA126}.Debug|Any CPU.ActiveCfg = Debug|Any CPU
		{3BED06C4-E751-4E36-A356-B46F814DA126}.Debug|Any CPU.Build.0 = Debug|Any CPU
		{3BED06C4-E751-4E36-A356-B46F814DA126}.Release|Any CPU.ActiveCfg = Release|Any CPU
		{3BED06C4-E751-4E36-A356-B46F814DA126}.Release|Any CPU.Build.0 = Release|Any CPU
	EndGlobalSection
	GlobalSection(SolutionProperties) = preSolution
		HideSolutionNode = FALSE
	EndGlobalSection
	GlobalSection(ExtensibilityGlobals) = postSolution
		SolutionGuid = {5D8099A9-C049-4720-8F10-8C4E23A2F8D0}
	EndGlobalSection
EndGlobal
